
Microsoft Visual Studio Solution File, Format Version 12.00
# Visual Studio Version 17
VisualStudioVersion = 17.13.35931.197
MinimumVisualStudioVersion = 10.0.40219.1
Project("{FAE04EC0-301F-11D3-BF4B-00C04F79EFBC}") = "Hypah.Utility", "Hypah.Utility\Hypah.Utility.csproj", "{D60EE4D2-E746-4581-A021-F7D60D212BE3}"
EndProject
Project("{FAE04EC0-301F-11D3-BF4B-00C04F79EFBC}") = "Hypah.Logging", "Hypah.Logging\Hypah.Logging.csproj", "{1CFB13EE-98DE-483A-BD17-80B3E47E59CB}"
EndProject
Global
	GlobalSection(SolutionConfigurationPlatforms) = preSolution
		Debug|Any CPU = Debug|Any CPU
		Release|Any CPU = Release|Any CPU
	EndGlobalSection
	GlobalSection(ProjectConfigurationPlatforms) = postSolution
		{D60EE4D2-E746-4581-A021-F7D60D212BE3}.Debug|Any CPU.ActiveCfg = Debug|Any CPU
		{D60EE4D2-E746-4581-A021-F7D60D212BE3}.Debug|Any CPU.Build.0 = Debug|Any CPU
		{D60EE4D2-E746-4581-A021-F7D60D212BE3}.Release|Any CPU.ActiveCfg = Release|Any CPU
		{D60EE4D2-E746-4581-A021-F7D60D212BE3}.Release|Any CPU.Build.0 = Release|Any CPU
		{1CFB13EE-98DE-483A-BD17-80B3E47E59CB}.Debug|Any CPU.ActiveCfg = Debug|Any CPU
		{1CFB13EE-98DE-483A-BD17-80B3E47E59CB}.Debug|Any CPU.Build.0 = Debug|Any CPU
		{1CFB13EE-98DE-483A-BD17-80B3E47E59CB}.Release|Any CPU.ActiveCfg = Release|Any CPU
		{1CFB13EE-98DE-483A-BD17-80B3E47E59CB}.Release|Any CPU.Build.0 = Release|Any CPU
	EndGlobalSection
	GlobalSection(SolutionProperties) = preSolution
		HideSolutionNode = FALSE
	EndGlobalSection
	GlobalSection(ExtensibilityGlobals) = postSolution
		SolutionGuid = {0B381841-00C8-452C-AB4E-77854DEE5983}
	EndGlobalSection
EndGlobal
